
Microsoft Visual Studio Solution File, Format Version 12.00
# Visual Studio Version 16
VisualStudioVersion = 16.0.30104.148
MinimumVisualStudioVersion = 10.0.40219.1
Project("{FAE04EC0-301F-11D3-BF4B-00C04F79EFBC}") = "Ets2AtsCustomRichPresence", "Ets2AtsCustomRichPresence.csproj", "{8CABA99B-E34D-46A7-AFC0-4D3FE0BAE371}"
EndProject
Global
	GlobalSection(SolutionConfigurationPlatforms) = preSolution
		Debug|Any CPU = Debug|Any CPU
		Release|Any CPU = Release|Any CPU
	EndGlobalSection
	GlobalSection(ProjectConfigurationPlatforms) = postSolution
		{8CABA99B-E34D-46A7-AFC0-4D3FE0BAE371}.Debug|Any CPU.ActiveCfg = Debug|Any CPU
		{8CABA99B-E34D-46A7-AFC0-4D3FE0BAE371}.Debug|Any CPU.Build.0 = Debug|Any CPU
		{8CABA99B-E34D-46A7-AFC0-4D3FE0BAE371}.Release|Any CPU.ActiveCfg = Release|Any CPU
		{8CABA99B-E34D-46A7-AFC0-4D3FE0BAE371}.Release|Any CPU.Build.0 = Release|Any CPU
	EndGlobalSection
	GlobalSection(SolutionProperties) = preSolution
		HideSolutionNode = FALSE
	EndGlobalSection
	GlobalSection(ExtensibilityGlobals) = postSolution
		SolutionGuid = {6B0BD24F-DF04-4964-B49E-0C1ACBE5E8FC}
	EndGlobalSection
EndGlobal
